
Microsoft Visual Studio Solution File, Format Version 12.00
# Visual Studio Version 16
VisualStudioVersion = 16.0.30717.126
MinimumVisualStudioVersion = 10.0.40219.1
Project("{FAE04EC0-301F-11D3-BF4B-00C04F79EFBC}") = "ITMO.CSWindowsForms.Lab2.5", "ITMO.CSWindowsForms.Lab2.5.csproj", "{62D0BEE8-1BCF-413F-BE0E-1D067F5DAD5D}"
EndProject
Global
	GlobalSection(SolutionConfigurationPlatforms) = preSolution
		Debug|Any CPU = Debug|Any CPU
		Release|Any CPU = Release|Any CPU
	EndGlobalSection
	GlobalSection(ProjectConfigurationPlatforms) = postSolution
		{62D0BEE8-1BCF-413F-BE0E-1D067F5DAD5D}.Debug|Any CPU.ActiveCfg = Debug|Any CPU
		{62D0BEE8-1BCF-413F-BE0E-1D067F5DAD5D}.Debug|Any CPU.Build.0 = Debug|Any CPU
		{62D0BEE8-1BCF-413F-BE0E-1D067F5DAD5D}.Release|Any CPU.ActiveCfg = Release|Any CPU
		{62D0BEE8-1BCF-413F-BE0E-1D067F5DAD5D}.Release|Any CPU.Build.0 = Release|Any CPU
	EndGlobalSection
	GlobalSection(SolutionProperties) = preSolution
		HideSolutionNode = FALSE
	EndGlobalSection
	GlobalSection(ExtensibilityGlobals) = postSolution
		SolutionGuid = {FAAE854A-CBF4-410F-9904-03BB682473B4}
	EndGlobalSection
EndGlobal
