
Microsoft Visual Studio Solution File, Format Version 12.00
# Visual Studio Version 16
VisualStudioVersion = 16.0.30717.126
MinimumVisualStudioVersion = 10.0.40219.1
Project("{FAE04EC0-301F-11D3-BF4B-00C04F79EFBC}") = "ITMO.CSWindowsForms.Lab4.2.EditPerson", "ITMO.CSWindowsForms.Lab4.2.EditPerson.csproj", "{F012971A-8C4C-4AA8-A71A-F0731426758D}"
EndProject
Global
	GlobalSection(SolutionConfigurationPlatforms) = preSolution
		Debug|Any CPU = Debug|Any CPU
		Release|Any CPU = Release|Any CPU
	EndGlobalSection
	GlobalSection(ProjectConfigurationPlatforms) = postSolution
		{F012971A-8C4C-4AA8-A71A-F0731426758D}.Debug|Any CPU.ActiveCfg = Debug|Any CPU
		{F012971A-8C4C-4AA8-A71A-F0731426758D}.Debug|Any CPU.Build.0 = Debug|Any CPU
		{F012971A-8C4C-4AA8-A71A-F0731426758D}.Release|Any CPU.ActiveCfg = Release|Any CPU
		{F012971A-8C4C-4AA8-A71A-F0731426758D}.Release|Any CPU.Build.0 = Release|Any CPU
	EndGlobalSection
	GlobalSection(SolutionProperties) = preSolution
		HideSolutionNode = FALSE
	EndGlobalSection
	GlobalSection(ExtensibilityGlobals) = postSolution
		SolutionGuid = {45301950-C903-46AD-9D8B-069BF42F9111}
	EndGlobalSection
EndGlobal
