
Microsoft Visual Studio Solution File, Format Version 12.00
# Visual Studio Version 16
VisualStudioVersion = 16.0.30717.126
MinimumVisualStudioVersion = 10.0.40219.1
Project("{FAE04EC0-301F-11D3-BF4B-00C04F79EFBC}") = "ITMO.CSWindowsForms.Lab5.1.COMExcel", "ITMO.CSWindowsForms.Lab5.1.COMExcel.csproj", "{9AB4F371-6D46-458F-BA73-4BFB9AC6D4C2}"
EndProject
Global
	GlobalSection(SolutionConfigurationPlatforms) = preSolution
		Debug|Any CPU = Debug|Any CPU
		Release|Any CPU = Release|Any CPU
	EndGlobalSection
	GlobalSection(ProjectConfigurationPlatforms) = postSolution
		{9AB4F371-6D46-458F-BA73-4BFB9AC6D4C2}.Debug|Any CPU.ActiveCfg = Debug|Any CPU
		{9AB4F371-6D46-458F-BA73-4BFB9AC6D4C2}.Debug|Any CPU.Build.0 = Debug|Any CPU
		{9AB4F371-6D46-458F-BA73-4BFB9AC6D4C2}.Release|Any CPU.ActiveCfg = Release|Any CPU
		{9AB4F371-6D46-458F-BA73-4BFB9AC6D4C2}.Release|Any CPU.Build.0 = Release|Any CPU
	EndGlobalSection
	GlobalSection(SolutionProperties) = preSolution
		HideSolutionNode = FALSE
	EndGlobalSection
	GlobalSection(ExtensibilityGlobals) = postSolution
		SolutionGuid = {8492522A-1E02-400E-ABB4-625BF8FCCA1E}
	EndGlobalSection
EndGlobal
