
Microsoft Visual Studio Solution File, Format Version 12.00
# Visual Studio Version 16
VisualStudioVersion = 16.0.30717.126
MinimumVisualStudioVersion = 10.0.40219.1
Project("{FAE04EC0-301F-11D3-BF4B-00C04F79EFBC}") = "ITMO.CSWindowsForms.Lab6.2.WinAsynchDelegate", "ITMO.CSWindowsForms.Lab6.2.WinAsynchDelegate.csproj", "{8D73F024-56F1-4A7E-8C08-AC0A6494681A}"
EndProject
Global
	GlobalSection(SolutionConfigurationPlatforms) = preSolution
		Debug|Any CPU = Debug|Any CPU
		Release|Any CPU = Release|Any CPU
	EndGlobalSection
	GlobalSection(ProjectConfigurationPlatforms) = postSolution
		{8D73F024-56F1-4A7E-8C08-AC0A6494681A}.Debug|Any CPU.ActiveCfg = Debug|Any CPU
		{8D73F024-56F1-4A7E-8C08-AC0A6494681A}.Debug|Any CPU.Build.0 = Debug|Any CPU
		{8D73F024-56F1-4A7E-8C08-AC0A6494681A}.Release|Any CPU.ActiveCfg = Release|Any CPU
		{8D73F024-56F1-4A7E-8C08-AC0A6494681A}.Release|Any CPU.Build.0 = Release|Any CPU
	EndGlobalSection
	GlobalSection(SolutionProperties) = preSolution
		HideSolutionNode = FALSE
	EndGlobalSection
	GlobalSection(ExtensibilityGlobals) = postSolution
		SolutionGuid = {400F9278-813E-4730-9019-67569B11C816}
	EndGlobalSection
EndGlobal
