
Microsoft Visual Studio Solution File, Format Version 12.00
# Visual Studio Version 16
VisualStudioVersion = 16.0.30717.126
MinimumVisualStudioVersion = 10.0.40219.1
Project("{FAE04EC0-301F-11D3-BF4B-00C04F79EFBC}") = "ITMO.CSWindowsForms.Lab6.1.WinBackgroundWorker", "ITMO.CSWindowsForms.Lab6.1.WinBackgroundWorker.csproj", "{E730800A-9554-4E0F-B3A6-DFEC421D52EF}"
EndProject
Global
	GlobalSection(SolutionConfigurationPlatforms) = preSolution
		Debug|Any CPU = Debug|Any CPU
		Release|Any CPU = Release|Any CPU
	EndGlobalSection
	GlobalSection(ProjectConfigurationPlatforms) = postSolution
		{E730800A-9554-4E0F-B3A6-DFEC421D52EF}.Debug|Any CPU.ActiveCfg = Debug|Any CPU
		{E730800A-9554-4E0F-B3A6-DFEC421D52EF}.Debug|Any CPU.Build.0 = Debug|Any CPU
		{E730800A-9554-4E0F-B3A6-DFEC421D52EF}.Release|Any CPU.ActiveCfg = Release|Any CPU
		{E730800A-9554-4E0F-B3A6-DFEC421D52EF}.Release|Any CPU.Build.0 = Release|Any CPU
	EndGlobalSection
	GlobalSection(SolutionProperties) = preSolution
		HideSolutionNode = FALSE
	EndGlobalSection
	GlobalSection(ExtensibilityGlobals) = postSolution
		SolutionGuid = {B39DA71E-1598-49BD-B929-B4FA39158218}
	EndGlobalSection
EndGlobal
