
Microsoft Visual Studio Solution File, Format Version 12.00
# Visual Studio Version 16
VisualStudioVersion = 16.0.30804.86
MinimumVisualStudioVersion = 10.0.40219.1
Project("{FAE04EC0-301F-11D3-BF4B-00C04F79EFBC}") = "ITMO.CSWindowsForms.Lab7.5.Eratosthenes", "ITMO.CSWindowsForms.Lab7.5.Eratosthenes.csproj", "{407DFE82-DDFB-450E-A7F7-491504578F8F}"
EndProject
Global
	GlobalSection(SolutionConfigurationPlatforms) = preSolution
		Debug|Any CPU = Debug|Any CPU
		Release|Any CPU = Release|Any CPU
	EndGlobalSection
	GlobalSection(ProjectConfigurationPlatforms) = postSolution
		{407DFE82-DDFB-450E-A7F7-491504578F8F}.Debug|Any CPU.ActiveCfg = Debug|Any CPU
		{407DFE82-DDFB-450E-A7F7-491504578F8F}.Debug|Any CPU.Build.0 = Debug|Any CPU
		{407DFE82-DDFB-450E-A7F7-491504578F8F}.Release|Any CPU.ActiveCfg = Release|Any CPU
		{407DFE82-DDFB-450E-A7F7-491504578F8F}.Release|Any CPU.Build.0 = Release|Any CPU
	EndGlobalSection
	GlobalSection(SolutionProperties) = preSolution
		HideSolutionNode = FALSE
	EndGlobalSection
	GlobalSection(ExtensibilityGlobals) = postSolution
		SolutionGuid = {0E645698-21C1-4C1D-9542-8F47010F96BE}
	EndGlobalSection
EndGlobal
