
Microsoft Visual Studio Solution File, Format Version 12.00
# Visual Studio Version 16
VisualStudioVersion = 16.0.30717.126
MinimumVisualStudioVersion = 10.0.40219.1
Project("{FAE04EC0-301F-11D3-BF4B-00C04F79EFBC}") = "ITMO.CSWindowsForms.Lab3.4.ValidationForm", "ITMO.CSWindowsForms.Lab3.4.ValidationForm.csproj", "{87F96AEA-5F61-4CDE-8F1B-51ECA3CA7C02}"
EndProject
Global
	GlobalSection(SolutionConfigurationPlatforms) = preSolution
		Debug|Any CPU = Debug|Any CPU
		Release|Any CPU = Release|Any CPU
	EndGlobalSection
	GlobalSection(ProjectConfigurationPlatforms) = postSolution
		{87F96AEA-5F61-4CDE-8F1B-51ECA3CA7C02}.Debug|Any CPU.ActiveCfg = Debug|Any CPU
		{87F96AEA-5F61-4CDE-8F1B-51ECA3CA7C02}.Debug|Any CPU.Build.0 = Debug|Any CPU
		{87F96AEA-5F61-4CDE-8F1B-51ECA3CA7C02}.Release|Any CPU.ActiveCfg = Release|Any CPU
		{87F96AEA-5F61-4CDE-8F1B-51ECA3CA7C02}.Release|Any CPU.Build.0 = Release|Any CPU
	EndGlobalSection
	GlobalSection(SolutionProperties) = preSolution
		HideSolutionNode = FALSE
	EndGlobalSection
	GlobalSection(ExtensibilityGlobals) = postSolution
		SolutionGuid = {A5FD7B2A-ED54-45B7-9E3C-499E9B028862}
	EndGlobalSection
EndGlobal
